
Microsoft Visual Studio Solution File, Format Version 12.00
# Visual Studio 15
VisualStudioVersion = 15.0.28307.852
MinimumVisualStudioVersion = 10.0.40219.1
Project("{FAE04EC0-301F-11D3-BF4B-00C04F79EFBC}") = "Lernsoftware_Programm", "Lernsoftware_Programm\Lernsoftware_Programm.csproj", "{AE86D29F-EACA-4B86-9CD9-A16841419165}"
EndProject
Global
	GlobalSection(SolutionConfigurationPlatforms) = preSolution
		Debug|Any CPU = Debug|Any CPU
		Release|Any CPU = Release|Any CPU
	EndGlobalSection
	GlobalSection(ProjectConfigurationPlatforms) = postSolution
		{AE86D29F-EACA-4B86-9CD9-A16841419165}.Debug|Any CPU.ActiveCfg = Debug|Any CPU
		{AE86D29F-EACA-4B86-9CD9-A16841419165}.Debug|Any CPU.Build.0 = Debug|Any CPU
		{AE86D29F-EACA-4B86-9CD9-A16841419165}.Release|Any CPU.ActiveCfg = Release|Any CPU
		{AE86D29F-EACA-4B86-9CD9-A16841419165}.Release|Any CPU.Build.0 = Release|Any CPU
	EndGlobalSection
	GlobalSection(SolutionProperties) = preSolution
		HideSolutionNode = FALSE
	EndGlobalSection
	GlobalSection(ExtensibilityGlobals) = postSolution
		SolutionGuid = {99A68BA9-DEFB-43EE-9267-A5FABFEC4045}
	EndGlobalSection
EndGlobal
