
Microsoft Visual Studio Solution File, Format Version 12.00
# Visual Studio 15
VisualStudioVersion = 15.0.28307.852
MinimumVisualStudioVersion = 10.0.40219.1
Project("{FAE04EC0-301F-11D3-BF4B-00C04F79EFBC}") = "Lernsoftware", "Lernsoftware\Lernsoftware.csproj", "{7EAE613D-63AA-4256-8AF8-AD2F7E5C59E6}"
EndProject
Global
	GlobalSection(SolutionConfigurationPlatforms) = preSolution
		Debug|Any CPU = Debug|Any CPU
		Release|Any CPU = Release|Any CPU
	EndGlobalSection
	GlobalSection(ProjectConfigurationPlatforms) = postSolution
		{7EAE613D-63AA-4256-8AF8-AD2F7E5C59E6}.Debug|Any CPU.ActiveCfg = Debug|Any CPU
		{7EAE613D-63AA-4256-8AF8-AD2F7E5C59E6}.Debug|Any CPU.Build.0 = Debug|Any CPU
		{7EAE613D-63AA-4256-8AF8-AD2F7E5C59E6}.Release|Any CPU.ActiveCfg = Release|Any CPU
		{7EAE613D-63AA-4256-8AF8-AD2F7E5C59E6}.Release|Any CPU.Build.0 = Release|Any CPU
	EndGlobalSection
	GlobalSection(SolutionProperties) = preSolution
		HideSolutionNode = FALSE
	EndGlobalSection
	GlobalSection(ExtensibilityGlobals) = postSolution
		SolutionGuid = {510C8650-FEA3-4409-B1C2-17F8351FF182}
	EndGlobalSection
EndGlobal
